{
  "name": "package-lock-test",
  "version": "1.0.0",
  "lockfileVersion": 1,
  "requires": true,
  "dependencies": {
    "braintree-web": {
      "version": "3.8.0",
      "resolved": "https://registry.npmjs.org/braintree-web/-/braintree-web-3.8.0.tgz",
      "integrity": "sha1-LGHbY/TokXuKQ9KhdoE+MNUri1c=",
      "requires": {
        "card-validator": "4.0.0",
        "credit-card-type": "5.0.1",
        "framebus": "2.0.7",
        "iframer": "github:braintree/iframer#2f6618e30dca02c8a4c4c8419568ae7cfca683d4",
        "inject-stylesheet": "1.0.0",
        "promise-polyfill": "6.0.2",
        "restricted-input": "1.0.9"
      },
      "dependencies": {
        "iframer": {
          "version": "github:braintree/iframer#2f6618e30dca02c8a4c4c8419568ae7cfca683d4"
        }
      }
    },
    "card-validator": {
      "version": "4.0.0",
      "resolved": "https://registry.npmjs.org/card-validator/-/card-validator-4.0.0.tgz",
      "integrity": "sha1-8FSrD0B2k/wM7Qc/QJLjX1PDOcg=",
      "requires": {
        "credit-card-type": "5.0.1"
      }
    },
    "credit-card-type": {
      "version": "5.0.1",
      "resolved": "https://registry.npmjs.org/credit-card-type/-/credit-card-type-5.0.1.tgz",
      "integrity": "sha1-DjXvoXx9NupExlnemSsdEwcqWHs="
    },
    "framebus": {
      "version": "2.0.7",
      "resolved": "https://registry.npmjs.org/framebus/-/framebus-2.0.7.tgz",
      "integrity": "sha1-40Ukm52MCBmYRm0iLe2sX61a4Mg="
    },
    "inject-stylesheet": {
      "version": "1.0.0",
      "resolved": "https://registry.npmjs.org/inject-stylesheet/-/inject-stylesheet-1.0.0.tgz",
      "integrity": "sha1-9nMEdFjuWPEJ/uTPtmsJ82LMwmE="
    },
    "promise-polyfill": {
      "version": "6.0.2",
      "resolved": "https://registry.npmjs.org/promise-polyfill/-/promise-polyfill-6.0.2.tgz",
      "integrity": "sha1-2chtPcTcLfkBboiUbe/Wm0m0EWI="
    },
    "restricted-input": {
      "version": "1.0.9",
      "resolved": "https://registry.npmjs.org/restricted-input/-/restricted-input-1.0.9.tgz",
      "integrity": "sha1-1gSu3Gppfne90lfTjuKr3AMNf2E="
    }
  }
}
